// !$*UTF8*$!
{
	archiveVersion = 1;
	classes = {
	};
	objectVersion = 50;
	objects = {

/* Begin PBXBuildFile section */
		861DD0EB265D46B200ACED59 /* AppDelegate.swift in Sources */ = {isa = PBXBuildFile; fileRef = 861DD0EA265D46B200ACED59 /* AppDelegate.swift */; };
		861DD0ED265D46B200ACED59 /* SceneDelegate.swift in Sources */ = {isa = PBXBuildFile; fileRef = 861DD0EC265D46B200ACED59 /* SceneDelegate.swift */; };
		861DD0F2265D46B200ACED59 /* Main.storyboard in Resources */ = {isa = PBXBuildFile; fileRef = 861DD0F0265D46B200ACED59 /* Main.storyboard */; };
		861DD0F4265D46B300ACED59 /* Assets.xcassets in Resources */ = {isa = PBXBuildFile; fileRef = 861DD0F3265D46B300ACED59 /* Assets.xcassets */; };
		861DD0F7265D46B300ACED59 /* LaunchScreen.storyboard in Resources */ = {isa = PBXBuildFile; fileRef = 861DD0F5265D46B300ACED59 /* LaunchScreen.storyboard */; };
		861DD101265D49E500ACED59 /* FirstViewController.swift in Sources */ = {isa = PBXBuildFile; fileRef = 861DD100265D49E500ACED59 /* FirstViewController.swift */; };
		861DD104265D4A1900ACED59 /* SecondViewController.swift in Sources */ = {isa = PBXBuildFile; fileRef = 861DD103265D4A1900ACED59 /* SecondViewController.swift */; };
		861DD107265D4A4500ACED59 /* TheardViewController.swift in Sources */ = {isa = PBXBuildFile; fileRef = 861DD106265D4A4500ACED59 /* TheardViewController.swift */; };
		861DD10A265D4A6E00ACED59 /* FourViewController.swift in Sources */ = {isa = PBXBuildFile; fileRef = 861DD109265D4A6E00ACED59 /* FourViewController.swift */; };
		861DD10D265D4A9300ACED59 /* FiveViewController.swift in Sources */ = {isa = PBXBuildFile; fileRef = 861DD10C265D4A9300ACED59 /* FiveViewController.swift */; };
/* End PBXBuildFile section */

/* Begin PBXFileReference section */
		861DD0E7265D46B200ACED59 /* homework_08.app */ = {isa = PBXFileReference; explicitFileType = wrapper.application; includeInIndex = 0; path = homework_08.app; sourceTree = BUILT_PRODUCTS_DIR; };
		861DD0EA265D46B200ACED59 /* AppDelegate.swift */ = {isa = PBXFileReference; lastKnownFileType = sourcecode.swift; path = AppDelegate.swift; sourceTree = "<group>"; };
		861DD0EC265D46B200ACED59 /* SceneDelegate.swift */ = {isa = PBXFileReference; lastKnownFileType = sourcecode.swift; path = SceneDelegate.swift; sourceTree = "<group>"; };
		861DD0F1265D46B200ACED59 /* Base */ = {isa = PBXFileReference; lastKnownFileType = file.storyboard; name = Base; path = Base.lproj/Main.storyboard; sourceTree = "<group>"; };
		861DD0F3265D46B300ACED59 /* Assets.xcassets */ = {isa = PBXFileReference; lastKnownFileType = folder.assetcatalog; path = Assets.xcassets; sourceTree = "<group>"; };
		861DD0F6265D46B300ACED59 /* Base */ = {isa = PBXFileReference; lastKnownFileType = file.storyboard; name = Base; path = Base.lproj/LaunchScreen.storyboard; sourceTree = "<group>"; };
		861DD0F8265D46B300ACED59 /* Info.plist */ = {isa = PBXFileReference; lastKnownFileType = text.plist.xml; path = Info.plist; sourceTree = "<group>"; };
		861DD100265D49E500ACED59 /* FirstViewController.swift */ = {isa = PBXFileReference; lastKnownFileType = sourcecode.swift; path = FirstViewController.swift; sourceTree = "<group>"; };
		861DD103265D4A1900ACED59 /* SecondViewController.swift */ = {isa = PBXFileReference; lastKnownFileType = sourcecode.swift; path = SecondViewController.swift; sourceTree = "<group>"; };
		861DD106265D4A4500ACED59 /* TheardViewController.swift */ = {isa = PBXFileReference; lastKnownFileType = sourcecode.swift; path = TheardViewController.swift; sourceTree = "<group>"; };
		861DD109265D4A6E00ACED59 /* FourViewController.swift */ = {isa = PBXFileReference; lastKnownFileType = sourcecode.swift; path = FourViewController.swift; sourceTree = "<group>"; };
		861DD10C265D4A9300ACED59 /* FiveViewController.swift */ = {isa = PBXFileReference; lastKnownFileType = sourcecode.swift; path = FiveViewController.swift; sourceTree = "<group>"; };
/* End PBXFileReference section */

/* Begin PBXFrameworksBuildPhase section */
		861DD0E4265D46B200ACED59 /* Frameworks */ = {
			isa = PBXFrameworksBuildPhase;
			buildActionMask = 2147483647;
			files = (
			);
			runOnlyForDeploymentPostprocessing = 0;
		};
/* End PBXFrameworksBuildPhase section */

/* Begin PBXGroup section */
		861DD0DE265D46B200ACED59 = {
			isa = PBXGroup;
			children = (
				861DD0E9265D46B200ACED59 /* homework_08 */,
				861DD0E8265D46B200ACED59 /* Products */,
			);
			sourceTree = "<group>";
		};
		861DD0E8265D46B200ACED59 /* Products */ = {
			isa = PBXGroup;
			children = (
				861DD0E7265D46B200ACED59 /* homework_08.app */,
			);
			name = Products;
			sourceTree = "<group>";
		};
		861DD0E9265D46B200ACED59 /* homework_08 */ = {
			isa = PBXGroup;
			children = (
				861DD0EA265D46B200ACED59 /* AppDelegate.swift */,
				861DD0EC265D46B200ACED59 /* SceneDelegate.swift */,
				861DD0F0265D46B200ACED59 /* Main.storyboard */,
				861DD0F3265D46B300ACED59 /* Assets.xcassets */,
				861DD0F5265D46B300ACED59 /* LaunchScreen.storyboard */,
				861DD0F8265D46B300ACED59 /* Info.plist */,
				861DD100265D49E500ACED59 /* FirstViewController.swift */,
				861DD103265D4A1900ACED59 /* SecondViewController.swift */,
				861DD106265D4A4500ACED59 /* TheardViewController.swift */,
				861DD109265D4A6E00ACED59 /* FourViewController.swift */,
				861DD10C265D4A9300ACED59 /* FiveViewController.swift */,
			);
			path = homework_08;
			sourceTree = "<group>";
		};
/* End PBXGroup section */

/* Begin PBXNativeTarget section */
		861DD0E6265D46B200ACED59 /* homework_08 */ = {
			isa = PBXNativeTarget;
			buildConfigurationList = 861DD0FB265D46B300ACED59 /* Build configuration list for PBXNativeTarget "homework_08" */;
			buildPhases = (
				861DD0E3265D46B200ACED59 /* Sources */,
				861DD0E4265D46B200ACED59 /* Frameworks */,
				861DD0E5265D46B200ACED59 /* Resources */,
			);
			buildRules = (
			);
			dependencies = (
			);
			name = homework_08;
			productName = homework_08;
			productReference = 861DD0E7265D46B200ACED59 /* homework_08.app */;
			productType = "com.apple.product-type.application";
		};
/* End PBXNativeTarget section */

/* Begin PBXProject section */
		861DD0DF265D46B200ACED59 /* Project object */ = {
			isa = PBXProject;
			attributes = {
				LastSwiftUpdateCheck = 1230;
				LastUpgradeCheck = 1230;
				TargetAttributes = {
					861DD0E6265D46B200ACED59 = {
						CreatedOnToolsVersion = 12.3;
					};
				};
			};
			buildConfigurationList = 861DD0E2265D46B200ACED59 /* Build configuration list for PBXProject "homework_08" */;
			compatibilityVersion = "Xcode 9.3";
			developmentRegion = en;
			hasScannedForEncodings = 0;
			knownRegions = (
				en,
				Base,
			);
			mainGroup = 861DD0DE265D46B200ACED59;
			productRefGroup = 861DD0E8265D46B200ACED59 /* Products */;
			projectDirPath = "";
			projectRoot = "";
			targets = (
				861DD0E6265D46B200ACED59 /* homework_08 */,
			);
		};
/* End PBXProject section */

/* Begin PBXResourcesBuildPhase section */
		861DD0E5265D46B200ACED59 /* Resources */ = {
			isa = PBXResourcesBuildPhase;
			buildActionMask = 2147483647;
			files = (
				861DD0F7265D46B300ACED59 /* LaunchScreen.storyboard in Resources */,
				861DD0F4265D46B300ACED59 /* Assets.xcassets in Resources */,
				861DD0F2265D46B200ACED59 /* Main.storyboard in Resources */,
			);
			runOnlyForDeploymentPostprocessing = 0;
		};
/* End PBXResourcesBuildPhase section */

/* Begin PBXSourcesBuildPhase section */
		861DD0E3265D46B200ACED59 /* Sources */ = {
			isa = PBXSourcesBuildPhase;
			buildActionMask = 2147483647;
			files = (
				861DD10D265D4A9300ACED59 /* FiveViewController.swift in Sources */,
				861DD104265D4A1900ACED59 /* SecondViewController.swift in Sources */,
				861DD107265D4A4500ACED59 /* TheardViewController.swift in Sources */,
				861DD10A265D4A6E00ACED59 /* FourViewController.swift in Sources */,
				861DD101265D49E500ACED59 /* FirstViewController.swift in Sources */,
				861DD0EB265D46B200ACED59 /* AppDelegate.swift in Sources */,
				861DD0ED265D46B200ACED59 /* SceneDelegate.swift in Sources */,
			);
			runOnlyForDeploymentPostprocessing = 0;
		};
/* End PBXSourcesBuildPhase section */

/* Begin PBXVariantGroup section */
		861DD0F0265D46B200ACED59 /* Main.storyboard */ = {
			isa = PBXVariantGroup;
			children = (
				861DD0F1265D46B200ACED59 /* Base */,
			);
			name = Main.storyboard;
			sourceTree = "<group>";
		};
		861DD0F5265D46B300ACED59 /* LaunchScreen.storyboard */ = {
			isa = PBXVariantGroup;
			children = (
				861DD0F6265D46B300ACED59 /* Base */,
			);
			name = LaunchScreen.storyboard;
			sourceTree = "<group>";
		};
/* End PBXVariantGroup section */

/* Begin XCBuildConfiguration section */
		861DD0F9265D46B300ACED59 /* Debug */ = {
			isa = XCBuildConfiguration;
			buildSettings = {
				ALWAYS_SEARCH_USER_PATHS = NO;
				CLANG_ANALYZER_NONNULL = YES;
				CLANG_ANALYZER_NUMBER_OBJECT_CONVERSION = YES_AGGRESSIVE;
				CLANG_CXX_LANGUAGE_STANDARD = "gnu++14";
				CLANG_CXX_LIBRARY = "libc++";
				CLANG_ENABLE_MODULES = YES;
				CLANG_ENABLE_OBJC_ARC = YES;
				CLANG_ENABLE_OBJC_WEAK = YES;
				CLANG_WARN_BLOCK_CAPTURE_AUTORELEASING = YES;
				CLANG_WARN_BOOL_CONVERSION = YES;
				CLANG_WARN_COMMA = YES;
				CLANG_WARN_CONSTANT_CONVERSION = YES;
				CLANG_WARN_DEPRECATED_OBJC_IMPLEMENTATIONS = YES;
				CLANG_WARN_DIRECT_OBJC_ISA_USAGE = YES_ERROR;
				CLANG_WARN_DOCUMENTATION_COMMENTS = YES;
				CLANG_WARN_EMPTY_BODY = YES;
				CLANG_WARN_ENUM_CONVERSION = YES;
				CLANG_WARN_INFINITE_RECURSION = YES;
				CLANG_WARN_INT_CONVERSION = YES;
				CLANG_WARN_NON_LITERAL_NULL_CONVERSION = YES;
				CLANG_WARN_OBJC_IMPLICIT_RETAIN_SELF = YES;
				CLANG_WARN_OBJC_LITERAL_CONVERSION = YES;
				CLANG_WARN_OBJC_ROOT_CLASS = YES_ERROR;
				CLANG_WARN_QUOTED_INCLUDE_IN_FRAMEWORK_HEADER = YES;
				CLANG_WARN_RANGE_LOOP_ANALYSIS = YES;
				CLANG_WARN_STRICT_PROTOTYPES = YES;
				CLANG_WARN_SUSPICIOUS_MOVE = YES;
				CLANG_WARN_UNGUARDED_AVAILABILITY = YES_AGGRESSIVE;
				CLANG_WARN_UNREACHABLE_CODE = YES;
				CLANG_WARN__DUPLICATE_METHOD_MATCH = YES;
				COPY_PHASE_STRIP = NO;
				DEBUG_INFORMATION_FORMAT = dwarf;
				ENABLE_STRICT_OBJC_MSGSEND = YES;
				ENABLE_TESTABILITY = YES;
				GCC_C_LANGUAGE_STANDARD = gnu11;
				GCC_DYNAMIC_NO_PIC = NO;
				GCC_NO_COMMON_BLOCKS = YES;
				GCC_OPTIMIZATION_LEVEL = 0;
				GCC_PREPROCESSOR_DEFINITIONS = (
					"DEBUG=1",
					"$(inherited)",
				);
				GCC_WARN_64_TO_32_BIT_CONVERSION = YES;
				GCC_WARN_ABOUT_RETURN_TYPE = YES_ERROR;
				GCC_WARN_UNDECLARED_SELECTOR = YES;
				GCC_WARN_UNINITIALIZED_AUTOS = YES_AGGRESSIVE;
				GCC_WARN_UNUSED_FUNCTION = YES;
				GCC_WARN_UNUSED_VARIABLE = YES;
				IPHONEOS_DEPLOYMENT_TARGET = 14.3;
				MTL_ENABLE_DEBUG_INFO = INCLUDE_SOURCE;
				MTL_FAST_MATH = YES;
				ONLY_ACTIVE_ARCH = YES;
				SDKROOT = iphoneos;
				SWIFT_ACTIVE_COMPILATION_CONDITIONS = DEBUG;
				SWIFT_OPTIMIZATION_LEVEL = "-Onone";
			};
			name = Debug;
		};
		861DD0FA265D46B300ACED59 /* Release */ = {
			isa = XCBuildConfiguration;
			buildSettings = {
				ALWAYS_SEARCH_USER_PATHS = NO;
				CLANG_ANALYZER_NONNULL = YES;
				CLANG_ANALYZER_NUMBER_OBJECT_CONVERSION = YES_AGGRESSIVE;
				CLANG_CXX_LANGUAGE_STANDARD = "gnu++14";
				CLANG_CXX_LIBRARY = "libc++";
				CLANG_ENABLE_MODULES = YES;
				CLANG_ENABLE_OBJC_ARC = YES;
				CLANG_ENABLE_OBJC_WEAK = YES;
				CLANG_WARN_BLOCK_CAPTURE_AUTORELEASING = YES;
				CLANG_WARN_BOOL_CONVERSION = YES;
				CLANG_WARN_COMMA = YES;
				CLANG_WARN_CONSTANT_CONVERSION = YES;
				CLANG_WARN_DEPRECATED_OBJC_IMPLEMENTATIONS = YES;
				CLANG_WARN_DIRECT_OBJC_ISA_USAGE = YES_ERROR;
				CLANG_WARN_DOCUMENTATION_COMMENTS = YES;
				CLANG_WARN_EMPTY_BODY = YES;
				CLANG_WARN_ENUM_CONVERSION = YES;
				CLANG_WARN_INFINITE_RECURSION = YES;
				CLANG_WARN_INT_CONVERSION = YES;
				CLANG_WARN_NON_LITERAL_NULL_CONVERSION = YES;
				CLANG_WARN_OBJC_IMPLICIT_RETAIN_SELF = YES;
				CLANG_WARN_OBJC_LITERAL_CONVERSION = YES;
				CLANG_WARN_OBJC_ROOT_CLASS = YES_ERROR;
				CLANG_WARN_QUOTED_INCLUDE_IN_FRAMEWORK_HEADER = YES;
				CLANG_WARN_RANGE_LOOP_ANALYSIS = YES;
				CLANG_WARN_STRICT_PROTOTYPES = YES;
				CLANG_WARN_SUSPICIOUS_MOVE = YES;
				CLANG_WARN_UNGUARDED_AVAILABILITY = YES_AGGRESSIVE;
				CLANG_WARN_UNREACHABLE_CODE = YES;
				CLANG_WARN__DUPLICATE_METHOD_MATCH = YES;
				COPY_PHASE_STRIP = NO;
				DEBUG_INFORMATION_FORMAT = "dwarf-with-dsym";
				ENABLE_NS_ASSERTIONS = NO;
				ENABLE_STRICT_OBJC_MSGSEND = YES;
				GCC_C_LANGUAGE_STANDARD = gnu11;
				GCC_NO_COMMON_BLOCKS = YES;
				GCC_WARN_64_TO_32_BIT_CONVERSION = YES;
				GCC_WARN_ABOUT_RETURN_TYPE = YES_ERROR;
				GCC_WARN_UNDECLARED_SELECTOR = YES;
				GCC_WARN_UNINITIALIZED_AUTOS = YES_AGGRESSIVE;
				GCC_WARN_UNUSED_FUNCTION = YES;
				GCC_WARN_UNUSED_VARIABLE = YES;
				IPHONEOS_DEPLOYMENT_TARGET = 14.3;
				MTL_ENABLE_DEBUG_INFO = NO;
				MTL_FAST_MATH = YES;
				SDKROOT = iphoneos;
				SWIFT_COMPILATION_MODE = wholemodule;
				SWIFT_OPTIMIZATION_LEVEL = "-O";
				VALIDATE_PRODUCT = YES;
			};
			name = Release;
		};
		861DD0FC265D46B300ACED59 /* Debug */ = {
			isa = XCBuildConfiguration;
			buildSettings = {
				ASSETCATALOG_COMPILER_APPICON_NAME = AppIcon;
				ASSETCATALOG_COMPILER_GLOBAL_ACCENT_COLOR_NAME = AccentColor;
				CODE_SIGN_STYLE = Automatic;
				INFOPLIST_FILE = homework_08/Info.plist;
				LD_RUNPATH_SEARCH_PATHS = (
					"$(inherited)",
					"@executable_path/Frameworks",
				);
				PRODUCT_BUNDLE_IDENTIFIER = "com.vladvivaldi.homework-08";
				PRODUCT_NAME = "$(TARGET_NAME)";
				SWIFT_VERSION = 5.0;
				TARGETED_DEVICE_FAMILY = "1,2";
			};
			name = Debug;
		};
		861DD0FD265D46B300ACED59 /* Release */ = {
			isa = XCBuildConfiguration;
			buildSettings = {
				ASSETCATALOG_COMPILER_APPICON_NAME = AppIcon;
				ASSETCATALOG_COMPILER_GLOBAL_ACCENT_COLOR_NAME = AccentColor;
				CODE_SIGN_STYLE = Automatic;
				INFOPLIST_FILE = homework_08/Info.plist;
				LD_RUNPATH_SEARCH_PATHS = (
					"$(inherited)",
					"@executable_path/Frameworks",
				);
				PRODUCT_BUNDLE_IDENTIFIER = "com.vladvivaldi.homework-08";
				PRODUCT_NAME = "$(TARGET_NAME)";
				SWIFT_VERSION = 5.0;
				TARGETED_DEVICE_FAMILY = "1,2";
			};
			name = Release;
		};
/* End XCBuildConfiguration section */

/* Begin XCConfigurationList section */
		861DD0E2265D46B200ACED59 /* Build configuration list for PBXProject "homework_08" */ = {
			isa = XCConfigurationList;
			buildConfigurations = (
				861DD0F9265D46B300ACED59 /* Debug */,
				861DD0FA265D46B300ACED59 /* Release */,
			);
			defaultConfigurationIsVisible = 0;
			defaultConfigurationName = Release;
		};
		861DD0FB265D46B300ACED59 /* Build configuration list for PBXNativeTarget "homework_08" */ = {
			isa = XCConfigurationList;
			buildConfigurations = (
				861DD0FC265D46B300ACED59 /* Debug */,
				861DD0FD265D46B300ACED59 /* Release */,
			);
			defaultConfigurationIsVisible = 0;
			defaultConfigurationName = Release;
		};
/* End XCConfigurationList section */
	};
	rootObject = 861DD0DF265D46B200ACED59 /* Project object */;
}
